{
  "pins" : [
    {
      "identity" : "keyboardshortcuts",
      "kind" : "remoteSourceControl",
      "location" : "https://github.com/sindresorhus/KeyboardShortcuts",
      "state" : {
        "branch" : "main",
        "revision" : "a105b136033ac091de2bd8d83cf95ee3920365f0"
      }
    }
  ],
  "version" : 2
}
